github.com/clipperhouse/segment v0.9.3 h1:VSal112bXajzWKL6iG80jpqkd6Zpurgb3TTtipznOqw=
github.com/clipperhouse/segment v0.9.3/go.mod h1:dXhm+4H19wRiIENCoOqt/hGAfVxaakd65CBJrp8hc3U=
github.com/clipperhouse/uax29 v1.6.8 h1:VzYlcrQfVcQOiN21aySEZao9Z1NyzO8zbfDm9Tr6rWY=
github.com/clipperhouse/uax29 v1.6.8/go.mod h1:tYFVeE3ycVygA7al7XH0H2UO+gXV/XR8N/9X4vsBlgY=
